
Microsoft Visual Studio Solution File, Format Version 12.00
# Visual Studio Version 17
VisualStudioVersion = 17.11.35327.3
MinimumVisualStudioVersion = 10.0.40219.1
Project("{8BC9CEB8-8B4A-11D0-8D11-00A0C91BC942}") = "SinglyLinkedListProject", "SinglyLinkedListProject.vcxproj", "{F0AC54FD-974F-450A-BAED-B9DBD286DD04}"
EndProject
Project("{2150E333-8FDC-42A3-9474-1A3956D46DE8}") = "Çözüm Öğeleri", "Çözüm Öğeleri", "{0AB4B9B3-5672-43EE-8660-C4653C8F0994}"
	ProjectSection(SolutionItems) = preProject
		main.cpp = main.cpp
		SinglyLinkedList.cpp = SinglyLinkedList.cpp
	EndProjectSection
EndProject
Global
	GlobalSection(SolutionConfigurationPlatforms) = preSolution
		Debug|x64 = Debug|x64
		Debug|x86 = Debug|x86
		Release|x64 = Release|x64
		Release|x86 = Release|x86
	EndGlobalSection
	GlobalSection(ProjectConfigurationPlatforms) = postSolution
		{F0AC54FD-974F-450A-BAED-B9DBD286DD04}.Debug|x64.ActiveCfg = Debug|x64
		{F0AC54FD-974F-450A-BAED-B9DBD286DD04}.Debug|x64.Build.0 = Debug|x64
		{F0AC54FD-974F-450A-BAED-B9DBD286DD04}.Debug|x86.ActiveCfg = Debug|Win32
		{F0AC54FD-974F-450A-BAED-B9DBD286DD04}.Debug|x86.Build.0 = Debug|Win32
		{F0AC54FD-974F-450A-BAED-B9DBD286DD04}.Release|x64.ActiveCfg = Release|x64
		{F0AC54FD-974F-450A-BAED-B9DBD286DD04}.Release|x64.Build.0 = Release|x64
		{F0AC54FD-974F-450A-BAED-B9DBD286DD04}.Release|x86.ActiveCfg = Release|Win32
		{F0AC54FD-974F-450A-BAED-B9DBD286DD04}.Release|x86.Build.0 = Release|Win32
	EndGlobalSection
	GlobalSection(SolutionProperties) = preSolution
		HideSolutionNode = FALSE
	EndGlobalSection
	GlobalSection(ExtensibilityGlobals) = postSolution
		SolutionGuid = {7A8217CD-CFE9-4FEE-9E40-7A209D2B691E}
	EndGlobalSection
EndGlobal
